
Microsoft Visual Studio Solution File, Format Version 12.00
# Visual Studio Version 17
VisualStudioVersion = 17.1.32228.430
MinimumVisualStudioVersion = 10.0.40219.1
Project("{9A19103F-16F7-4668-BE54-9A1E7A4F7556}") = "SuperHeroDBPro.Server", "SuperHeroDBPro\Server\SuperHeroDBPro.Server.csproj", "{28C29466-8B82-470A-B5D2-AF85EFDC8320}"
EndProject
Project("{9A19103F-16F7-4668-BE54-9A1E7A4F7556}") = "SuperHeroDBPro.Client", "SuperHeroDBPro\Client\SuperHeroDBPro.Client.csproj", "{A83745E3-5C5F-4C5D-AA4D-F3AE1CCE1E84}"
EndProject
Project("{9A19103F-16F7-4668-BE54-9A1E7A4F7556}") = "SuperHeroDBPro.Shared", "SuperHeroDBPro\Shared\SuperHeroDBPro.Shared.csproj", "{F193BDCD-E52D-4CFF-AAB9-0EB09183992B}"
EndProject
Global
	GlobalSection(SolutionConfigurationPlatforms) = preSolution
		Debug|Any CPU = Debug|Any CPU
		Release|Any CPU = Release|Any CPU
	EndGlobalSection
	GlobalSection(ProjectConfigurationPlatforms) = postSolution
		{28C29466-8B82-470A-B5D2-AF85EFDC8320}.Debug|Any CPU.ActiveCfg = Debug|Any CPU
		{28C29466-8B82-470A-B5D2-AF85EFDC8320}.Debug|Any CPU.Build.0 = Debug|Any CPU
		{28C29466-8B82-470A-B5D2-AF85EFDC8320}.Release|Any CPU.ActiveCfg = Release|Any CPU
		{28C29466-8B82-470A-B5D2-AF85EFDC8320}.Release|Any CPU.Build.0 = Release|Any CPU
		{A83745E3-5C5F-4C5D-AA4D-F3AE1CCE1E84}.Debug|Any CPU.ActiveCfg = Debug|Any CPU
		{A83745E3-5C5F-4C5D-AA4D-F3AE1CCE1E84}.Debug|Any CPU.Build.0 = Debug|Any CPU
		{A83745E3-5C5F-4C5D-AA4D-F3AE1CCE1E84}.Release|Any CPU.ActiveCfg = Release|Any CPU
		{A83745E3-5C5F-4C5D-AA4D-F3AE1CCE1E84}.Release|Any CPU.Build.0 = Release|Any CPU
		{F193BDCD-E52D-4CFF-AAB9-0EB09183992B}.Debug|Any CPU.ActiveCfg = Debug|Any CPU
		{F193BDCD-E52D-4CFF-AAB9-0EB09183992B}.Debug|Any CPU.Build.0 = Debug|Any CPU
		{F193BDCD-E52D-4CFF-AAB9-0EB09183992B}.Release|Any CPU.ActiveCfg = Release|Any CPU
		{F193BDCD-E52D-4CFF-AAB9-0EB09183992B}.Release|Any CPU.Build.0 = Release|Any CPU
	EndGlobalSection
	GlobalSection(SolutionProperties) = preSolution
		HideSolutionNode = FALSE
	EndGlobalSection
	GlobalSection(ExtensibilityGlobals) = postSolution
		SolutionGuid = {FD9B5CB5-4C9F-4453-BD3E-F7302D98B41C}
	EndGlobalSection
EndGlobal
